// !$*UTF8*$!
{
	archiveVersion = 1;
	classes = {
	};
	objectVersion = 77;
	objects = {

/* Begin PBXBuildFile section */
		00A43D1B2F2A349E005FF0AB /* MoakiKeyboard.appex in Embed Foundation Extensions */ = {isa = PBXBuildFile; fileRef = 00A43D142F2A349E005FF0AB /* MoakiKeyboard.appex */; settings = {ATTRIBUTES = (RemoveHeadersOnCopy, ); }; };
/* End PBXBuildFile section */

/* Begin PBXContainerItemProxy section */
		00A43CF42F2A2F8E005FF0AB /* PBXContainerItemProxy */ = {
			isa = PBXContainerItemProxy;
			containerPortal = 00A43CDC2F2A2F8C005FF0AB /* Project object */;
			proxyType = 1;
			remoteGlobalIDString = 00A43CE32F2A2F8C005FF0AB;
			remoteInfo = "ios-moaki";
		};
		00A43CFE2F2A2F8E005FF0AB /* PBXContainerItemProxy */ = {
			isa = PBXContainerItemProxy;
			containerPortal = 00A43CDC2F2A2F8C005FF0AB /* Project object */;
			proxyType = 1;
			remoteGlobalIDString = 00A43CE32F2A2F8C005FF0AB;
			remoteInfo = "ios-moaki";
		};
		00A43D192F2A349E005FF0AB /* PBXContainerItemProxy */ = {
			isa = PBXContainerItemProxy;
			containerPortal = 00A43CDC2F2A2F8C005FF0AB /* Project object */;
			proxyType = 1;
			remoteGlobalIDString = 00A43D132F2A349E005FF0AB;
			remoteInfo = MoakiKeyboard;
		};
/* End PBXContainerItemProxy section */

/* Begin PBXCopyFilesBuildPhase section */
		00A43D202F2A349E005FF0AB /* Embed Foundation Extensions */ = {
			isa = PBXCopyFilesBuildPhase;
			buildActionMask = 2147483647;
			dstPath = "";
			dstSubfolderSpec = 13;
			files = (
				00A43D1B2F2A349E005FF0AB /* MoakiKeyboard.appex in Embed Foundation Extensions */,
			);
			name = "Embed Foundation Extensions";
			runOnlyForDeploymentPostprocessing = 0;
		};
/* End PBXCopyFilesBuildPhase section */

/* Begin PBXFileReference section */
		00A43CE42F2A2F8C005FF0AB /* ios-moaki.app */ = {isa = PBXFileReference; explicitFileType = wrapper.application; includeInIndex = 0; path = "ios-moaki.app"; sourceTree = BUILT_PRODUCTS_DIR; };
		00A43CF32F2A2F8E005FF0AB /* ios-moakiTests.xctest */ = {isa = PBXFileReference; explicitFileType = wrapper.cfbundle; includeInIndex = 0; path = "ios-moakiTests.xctest"; sourceTree = BUILT_PRODUCTS_DIR; };
		00A43CFD2F2A2F8E005FF0AB /* ios-moakiUITests.xctest */ = {isa = PBXFileReference; explicitFileType = wrapper.cfbundle; includeInIndex = 0; path = "ios-moakiUITests.xctest"; sourceTree = BUILT_PRODUCTS_DIR; };
		00A43D142F2A349E005FF0AB /* MoakiKeyboard.appex */ = {isa = PBXFileReference; explicitFileType = "wrapper.app-extension"; includeInIndex = 0; path = MoakiKeyboard.appex; sourceTree = BUILT_PRODUCTS_DIR; };
/* End PBXFileReference section */

/* Begin PBXFileSystemSynchronizedBuildFileExceptionSet section */
		00A43D1C2F2A349E005FF0AB /* Exceptions for "MoakiKeyboard" folder in "MoakiKeyboard" target */ = {
			isa = PBXFileSystemSynchronizedBuildFileExceptionSet;
			membershipExceptions = (
				Info.plist,
			);
			target = 00A43D132F2A349E005FF0AB /* MoakiKeyboard */;
		};
/* End PBXFileSystemSynchronizedBuildFileExceptionSet section */

/* Begin PBXFileSystemSynchronizedRootGroup section */
		00A43CE62F2A2F8C005FF0AB /* ios-moaki */ = {
			isa = PBXFileSystemSynchronizedRootGroup;
			path = "ios-moaki";
			sourceTree = "<group>";
		};
		00A43CF62F2A2F8E005FF0AB /* ios-moakiTests */ = {
			isa = PBXFileSystemSynchronizedRootGroup;
			path = "ios-moakiTests";
			sourceTree = "<group>";
		};
		00A43D002F2A2F8E005FF0AB /* ios-moakiUITests */ = {
			isa = PBXFileSystemSynchronizedRootGroup;
			path = "ios-moakiUITests";
			sourceTree = "<group>";
		};
		00A43D152F2A349E005FF0AB /* MoakiKeyboard */ = {
			isa = PBXFileSystemSynchronizedRootGroup;
			exceptions = (
				00A43D1C2F2A349E005FF0AB /* Exceptions for "MoakiKeyboard" folder in "MoakiKeyboard" target */,
			);
			path = MoakiKeyboard;
			sourceTree = "<group>";
		};
/* End PBXFileSystemSynchronizedRootGroup section */

/* Begin PBXFrameworksBuildPhase section */
		00A43CE12F2A2F8C005FF0AB /* Frameworks */ = {
			isa = PBXFrameworksBuildPhase;
			buildActionMask = 2147483647;
			files = (
			);
			runOnlyForDeploymentPostprocessing = 0;
		};
		00A43CF02F2A2F8E005FF0AB /* Frameworks */ = {
			isa = PBXFrameworksBuildPhase;
			buildActionMask = 2147483647;
			files = (
			);
			runOnlyForDeploymentPostprocessing = 0;
		};
		00A43CFA2F2A2F8E005FF0AB /* Frameworks */ = {
			isa = PBXFrameworksBuildPhase;
			buildActionMask = 2147483647;
			files = (
			);
			runOnlyForDeploymentPostprocessing = 0;
		};
		00A43D112F2A349E005FF0AB /* Frameworks */ = {
			isa = PBXFrameworksBuildPhase;
			buildActionMask = 2147483647;
			files = (
			);
			runOnlyForDeploymentPostprocessing = 0;
		};
/* End PBXFrameworksBuildPhase section */

/* Begin PBXGroup section */
		00A43CDB2F2A2F8C005FF0AB = {
			isa = PBXGroup;
			children = (
				00A43CE62F2A2F8C005FF0AB /* ios-moaki */,
				00A43CF62F2A2F8E005FF0AB /* ios-moakiTests */,
				00A43D002F2A2F8E005FF0AB /* ios-moakiUITests */,
				00A43D152F2A349E005FF0AB /* MoakiKeyboard */,
				00A43CE52F2A2F8C005FF0AB /* Products */,
			);
			sourceTree = "<group>";
		};
		00A43CE52F2A2F8C005FF0AB /* Products */ = {
			isa = PBXGroup;
			children = (
				00A43CE42F2A2F8C005FF0AB /* ios-moaki.app */,
				00A43CF32F2A2F8E005FF0AB /* ios-moakiTests.xctest */,
				00A43CFD2F2A2F8E005FF0AB /* ios-moakiUITests.xctest */,
				00A43D142F2A349E005FF0AB /* MoakiKeyboard.appex */,
			);
			name = Products;
			sourceTree = "<group>";
		};
/* End PBXGroup section */

/* Begin PBXNativeTarget section */
		00A43CE32F2A2F8C005FF0AB /* ios-moaki */ = {
			isa = PBXNativeTarget;
			buildConfigurationList = 00A43D072F2A2F8E005FF0AB /* Build configuration list for PBXNativeTarget "ios-moaki" */;
			buildPhases = (
				00A43CE02F2A2F8C005FF0AB /* Sources */,
				00A43CE12F2A2F8C005FF0AB /* Frameworks */,
				00A43CE22F2A2F8C005FF0AB /* Resources */,
				00A43D202F2A349E005FF0AB /* Embed Foundation Extensions */,
			);
			buildRules = (
			);
			dependencies = (
				00A43D1A2F2A349E005FF0AB /* PBXTargetDependency */,
			);
			fileSystemSynchronizedGroups = (
				00A43CE62F2A2F8C005FF0AB /* ios-moaki */,
			);
			name = "ios-moaki";
			packageProductDependencies = (
			);
			productName = "ios-moaki";
			productReference = 00A43CE42F2A2F8C005FF0AB /* ios-moaki.app */;
			productType = "com.apple.product-type.application";
		};
		00A43CF22F2A2F8E005FF0AB /* ios-moakiTests */ = {
			isa = PBXNativeTarget;
			buildConfigurationList = 00A43D0A2F2A2F8E005FF0AB /* Build configuration list for PBXNativeTarget "ios-moakiTests" */;
			buildPhases = (
				00A43CEF2F2A2F8E005FF0AB /* Sources */,
				00A43CF02F2A2F8E005FF0AB /* Frameworks */,
				00A43CF12F2A2F8E005FF0AB /* Resources */,
			);
			buildRules = (
			);
			dependencies = (
				00A43CF52F2A2F8E005FF0AB /* PBXTargetDependency */,
			);
			fileSystemSynchronizedGroups = (
				00A43CF62F2A2F8E005FF0AB /* ios-moakiTests */,
			);
			name = "ios-moakiTests";
			packageProductDependencies = (
			);
			productName = "ios-moakiTests";
			productReference = 00A43CF32F2A2F8E005FF0AB /* ios-moakiTests.xctest */;
			productType = "com.apple.product-type.bundle.unit-test";
		};
		00A43CFC2F2A2F8E005FF0AB /* ios-moakiUITests */ = {
			isa = PBXNativeTarget;
			buildConfigurationList = 00A43D0D2F2A2F8E005FF0AB /* Build configuration list for PBXNativeTarget "ios-moakiUITests" */;
			buildPhases = (
				00A43CF92F2A2F8E005FF0AB /* Sources */,
				00A43CFA2F2A2F8E005FF0AB /* Frameworks */,
				00A43CFB2F2A2F8E005FF0AB /* Resources */,
			);
			buildRules = (
			);
			dependencies = (
				00A43CFF2F2A2F8E005FF0AB /* PBXTargetDependency */,
			);
			fileSystemSynchronizedGroups = (
				00A43D002F2A2F8E005FF0AB /* ios-moakiUITests */,
			);
			name = "ios-moakiUITests";
			packageProductDependencies = (
			);
			productName = "ios-moakiUITests";
			productReference = 00A43CFD2F2A2F8E005FF0AB /* ios-moakiUITests.xctest */;
			productType = "com.apple.product-type.bundle.ui-testing";
		};
		00A43D132F2A349E005FF0AB /* MoakiKeyboard */ = {
			isa = PBXNativeTarget;
			buildConfigurationList = 00A43D1D2F2A349E005FF0AB /* Build configuration list for PBXNativeTarget "MoakiKeyboard" */;
			buildPhases = (
				00A43D102F2A349E005FF0AB /* Sources */,
				00A43D112F2A349E005FF0AB /* Frameworks */,
				00A43D122F2A349E005FF0AB /* Resources */,
			);
			buildRules = (
			);
			dependencies = (
			);
			fileSystemSynchronizedGroups = (
				00A43D152F2A349E005FF0AB /* MoakiKeyboard */,
			);
			name = MoakiKeyboard;
			packageProductDependencies = (
			);
			productName = MoakiKeyboard;
			productReference = 00A43D142F2A349E005FF0AB /* MoakiKeyboard.appex */;
			productType = "com.apple.product-type.app-extension";
		};
/* End PBXNativeTarget section */

/* Begin PBXProject section */
		00A43CDC2F2A2F8C005FF0AB /* Project object */ = {
			isa = PBXProject;
			attributes = {
				BuildIndependentTargetsInParallel = 1;
				LastSwiftUpdateCheck = 2620;
				LastUpgradeCheck = 2620;
				TargetAttributes = {
					00A43CE32F2A2F8C005FF0AB = {
						CreatedOnToolsVersion = 26.2;
					};
					00A43CF22F2A2F8E005FF0AB = {
						CreatedOnToolsVersion = 26.2;
						TestTargetID = 00A43CE32F2A2F8C005FF0AB;
					};
					00A43CFC2F2A2F8E005FF0AB = {
						CreatedOnToolsVersion = 26.2;
						TestTargetID = 00A43CE32F2A2F8C005FF0AB;
					};
					00A43D132F2A349E005FF0AB = {
						CreatedOnToolsVersion = 26.2;
					};
				};
			};
			buildConfigurationList = 00A43CDF2F2A2F8C005FF0AB /* Build configuration list for PBXProject "ios-moaki" */;
			developmentRegion = en;
			hasScannedForEncodings = 0;
			knownRegions = (
				en,
				Base,
			);
			mainGroup = 00A43CDB2F2A2F8C005FF0AB;
			minimizedProjectReferenceProxies = 1;
			preferredProjectObjectVersion = 77;
			productRefGroup = 00A43CE52F2A2F8C005FF0AB /* Products */;
			projectDirPath = "";
			projectRoot = "";
			targets = (
				00A43CE32F2A2F8C005FF0AB /* ios-moaki */,
				00A43CF22F2A2F8E005FF0AB /* ios-moakiTests */,
				00A43CFC2F2A2F8E005FF0AB /* ios-moakiUITests */,
				00A43D132F2A349E005FF0AB /* MoakiKeyboard */,
			);
		};
/* End PBXProject section */

/* Begin PBXResourcesBuildPhase section */
		00A43CE22F2A2F8C005FF0AB /* Resources */ = {
			isa = PBXResourcesBuildPhase;
			buildActionMask = 2147483647;
			files = (
			);
			runOnlyForDeploymentPostprocessing = 0;
		};
		00A43CF12F2A2F8E005FF0AB /* Resources */ = {
			isa = PBXResourcesBuildPhase;
			buildActionMask = 2147483647;
			files = (
			);
			runOnlyForDeploymentPostprocessing = 0;
		};
		00A43CFB2F2A2F8E005FF0AB /* Resources */ = {
			isa = PBXResourcesBuildPhase;
			buildActionMask = 2147483647;
			files = (
			);
			runOnlyForDeploymentPostprocessing = 0;
		};
		00A43D122F2A349E005FF0AB /* Resources */ = {
			isa = PBXResourcesBuildPhase;
			buildActionMask = 2147483647;
			files = (
			);
			runOnlyForDeploymentPostprocessing = 0;
		};
/* End PBXResourcesBuildPhase section */

/* Begin PBXSourcesBuildPhase section */
		00A43CE02F2A2F8C005FF0AB /* Sources */ = {
			isa = PBXSourcesBuildPhase;
			buildActionMask = 2147483647;
			files = (
			);
			runOnlyForDeploymentPostprocessing = 0;
		};
		00A43CEF2F2A2F8E005FF0AB /* Sources */ = {
			isa = PBXSourcesBuildPhase;
			buildActionMask = 2147483647;
			files = (
			);
			runOnlyForDeploymentPostprocessing = 0;
		};
		00A43CF92F2A2F8E005FF0AB /* Sources */ = {
			isa = PBXSourcesBuildPhase;
			buildActionMask = 2147483647;
			files = (
			);
			runOnlyForDeploymentPostprocessing = 0;
		};
		00A43D102F2A349E005FF0AB /* Sources */ = {
			isa = PBXSourcesBuildPhase;
			buildActionMask = 2147483647;
			files = (
			);
			runOnlyForDeploymentPostprocessing = 0;
		};
/* End PBXSourcesBuildPhase section */

/* Begin PBXTargetDependency section */
		00A43CF52F2A2F8E005FF0AB /* PBXTargetDependency */ = {
			isa = PBXTargetDependency;
			target = 00A43CE32F2A2F8C005FF0AB /* ios-moaki */;
			targetProxy = 00A43CF42F2A2F8E005FF0AB /* PBXContainerItemProxy */;
		};
		00A43CFF2F2A2F8E005FF0AB /* PBXTargetDependency */ = {
			isa = PBXTargetDependency;
			target = 00A43CE32F2A2F8C005FF0AB /* ios-moaki */;
			targetProxy = 00A43CFE2F2A2F8E005FF0AB /* PBXContainerItemProxy */;
		};
		00A43D1A2F2A349E005FF0AB /* PBXTargetDependency */ = {
			isa = PBXTargetDependency;
			target = 00A43D132F2A349E005FF0AB /* MoakiKeyboard */;
			targetProxy = 00A43D192F2A349E005FF0AB /* PBXContainerItemProxy */;
		};
/* End PBXTargetDependency section */

/* Begin XCBuildConfiguration section */
		00A43D052F2A2F8E005FF0AB /* Debug */ = {
			isa = XCBuildConfiguration;
			buildSettings = {
				ALWAYS_SEARCH_USER_PATHS = NO;
				ASSETCATALOG_COMPILER_GENERATE_SWIFT_ASSET_SYMBOL_EXTENSIONS = YES;
				CLANG_ANALYZER_NONNULL = YES;
				CLANG_ANALYZER_NUMBER_OBJECT_CONVERSION = YES_AGGRESSIVE;
				CLANG_CXX_LANGUAGE_STANDARD = "gnu++20";
				CLANG_ENABLE_MODULES = YES;
				CLANG_ENABLE_OBJC_ARC = YES;
				CLANG_ENABLE_OBJC_WEAK = YES;
				CLANG_WARN_BLOCK_CAPTURE_AUTORELEASING = YES;
				CLANG_WARN_BOOL_CONVERSION = YES;
				CLANG_WARN_COMMA = YES;
				CLANG_WARN_CONSTANT_CONVERSION = YES;
				CLANG_WARN_DEPRECATED_OBJC_IMPLEMENTATIONS = YES;
				CLANG_WARN_DIRECT_OBJC_ISA_USAGE = YES_ERROR;
				CLANG_WARN_DOCUMENTATION_COMMENTS = YES;
				CLANG_WARN_EMPTY_BODY = YES;
				CLANG_WARN_ENUM_CONVERSION = YES;
				CLANG_WARN_INFINITE_RECURSION = YES;
				CLANG_WARN_INT_CONVERSION = YES;
				CLANG_WARN_NON_LITERAL_NULL_CONVERSION = YES;
				CLANG_WARN_OBJC_IMPLICIT_RETAIN_SELF = YES;
				CLANG_WARN_OBJC_LITERAL_CONVERSION = YES;
				CLANG_WARN_OBJC_ROOT_CLASS = YES_ERROR;
				CLANG_WARN_QUOTED_INCLUDE_IN_FRAMEWORK_HEADER = YES;
				CLANG_WARN_RANGE_LOOP_ANALYSIS = YES;
				CLANG_WARN_STRICT_PROTOTYPES = YES;
				CLANG_WARN_SUSPICIOUS_MOVE = YES;
				CLANG_WARN_UNGUARDED_AVAILABILITY = YES_AGGRESSIVE;
				CLANG_WARN_UNREACHABLE_CODE = YES;
				CLANG_WARN__DUPLICATE_METHOD_MATCH = YES;
				COPY_PHASE_STRIP = NO;
				DEBUG_INFORMATION_FORMAT = dwarf;
				DEVELOPMENT_TEAM = M23FFWRBMY;
				ENABLE_STRICT_OBJC_MSGSEND = YES;
				ENABLE_TESTABILITY = YES;
				ENABLE_USER_SCRIPT_SANDBOXING = YES;
				GCC_C_LANGUAGE_STANDARD = gnu17;
				GCC_DYNAMIC_NO_PIC = NO;
				GCC_NO_COMMON_BLOCKS = YES;
				GCC_OPTIMIZATION_LEVEL = 0;
				GCC_PREPROCESSOR_DEFINITIONS = (
					"DEBUG=1",
					"$(inherited)",
				);
				GCC_WARN_64_TO_32_BIT_CONVERSION = YES;
				GCC_WARN_ABOUT_RETURN_TYPE = YES_ERROR;
				GCC_WARN_UNDECLARED_SELECTOR = YES;
				GCC_WARN_UNINITIALIZED_AUTOS = YES_AGGRESSIVE;
				GCC_WARN_UNUSED_FUNCTION = YES;
				GCC_WARN_UNUSED_VARIABLE = YES;
				IPHONEOS_DEPLOYMENT_TARGET = 26.2;
				LOCALIZATION_PREFERS_STRING_CATALOGS = YES;
				MTL_ENABLE_DEBUG_INFO = INCLUDE_SOURCE;
				MTL_FAST_MATH = YES;
				ONLY_ACTIVE_ARCH = YES;
				SDKROOT = iphoneos;
				SWIFT_ACTIVE_COMPILATION_CONDITIONS = "DEBUG $(inherited)";
				SWIFT_OPTIMIZATION_LEVEL = "-Onone";
			};
			name = Debug;
		};
		00A43D062F2A2F8E005FF0AB /* Release */ = {
			isa = XCBuildConfiguration;
			buildSettings = {
				ALWAYS_SEARCH_USER_PATHS = NO;
				ASSETCATALOG_COMPILER_GENERATE_SWIFT_ASSET_SYMBOL_EXTENSIONS = YES;
				CLANG_ANALYZER_NONNULL = YES;
				CLANG_ANALYZER_NUMBER_OBJECT_CONVERSION = YES_AGGRESSIVE;
				CLANG_CXX_LANGUAGE_STANDARD = "gnu++20";
				CLANG_ENABLE_MODULES = YES;
				CLANG_ENABLE_OBJC_ARC = YES;
				CLANG_ENABLE_OBJC_WEAK = YES;
				CLANG_WARN_BLOCK_CAPTURE_AUTORELEASING = YES;
				CLANG_WARN_BOOL_CONVERSION = YES;
				CLANG_WARN_COMMA = YES;
				CLANG_WARN_CONSTANT_CONVERSION = YES;
				CLANG_WARN_DEPRECATED_OBJC_IMPLEMENTATIONS = YES;
				CLANG_WARN_DIRECT_OBJC_ISA_USAGE = YES_ERROR;
				CLANG_WARN_DOCUMENTATION_COMMENTS = YES;
				CLANG_WARN_EMPTY_BODY = YES;
				CLANG_WARN_ENUM_CONVERSION = YES;
				CLANG_WARN_INFINITE_RECURSION = YES;
				CLANG_WARN_INT_CONVERSION = YES;
				CLANG_WARN_NON_LITERAL_NULL_CONVERSION = YES;
				CLANG_WARN_OBJC_IMPLICIT_RETAIN_SELF = YES;
				CLANG_WARN_OBJC_LITERAL_CONVERSION = YES;
				CLANG_WARN_OBJC_ROOT_CLASS = YES_ERROR;
				CLANG_WARN_QUOTED_INCLUDE_IN_FRAMEWORK_HEADER = YES;
				CLANG_WARN_RANGE_LOOP_ANALYSIS = YES;
				CLANG_WARN_STRICT_PROTOTYPES = YES;
				CLANG_WARN_SUSPICIOUS_MOVE = YES;
				CLANG_WARN_UNGUARDED_AVAILABILITY = YES_AGGRESSIVE;
				CLANG_WARN_UNREACHABLE_CODE = YES;
				CLANG_WARN__DUPLICATE_METHOD_MATCH = YES;
				COPY_PHASE_STRIP = NO;
				DEBUG_INFORMATION_FORMAT = "dwarf-with-dsym";
				DEVELOPMENT_TEAM = M23FFWRBMY;
				ENABLE_NS_ASSERTIONS = NO;
				ENABLE_STRICT_OBJC_MSGSEND = YES;
				ENABLE_USER_SCRIPT_SANDBOXING = YES;
				GCC_C_LANGUAGE_STANDARD = gnu17;
				GCC_NO_COMMON_BLOCKS = YES;
				GCC_WARN_64_TO_32_BIT_CONVERSION = YES;
				GCC_WARN_ABOUT_RETURN_TYPE = YES_ERROR;
				GCC_WARN_UNDECLARED_SELECTOR = YES;
				GCC_WARN_UNINITIALIZED_AUTOS = YES_AGGRESSIVE;
				GCC_WARN_UNUSED_FUNCTION = YES;
				GCC_WARN_UNUSED_VARIABLE = YES;
				IPHONEOS_DEPLOYMENT_TARGET = 26.2;
				LOCALIZATION_PREFERS_STRING_CATALOGS = YES;
				MTL_ENABLE_DEBUG_INFO = NO;
				MTL_FAST_MATH = YES;
				SDKROOT = iphoneos;
				SWIFT_COMPILATION_MODE = wholemodule;
				VALIDATE_PRODUCT = YES;
			};
			name = Release;
		};
		00A43D082F2A2F8E005FF0AB /* Debug */ = {
			isa = XCBuildConfiguration;
			buildSettings = {
				ASSETCATALOG_COMPILER_APPICON_NAME = AppIcon;
				ASSETCATALOG_COMPILER_GLOBAL_ACCENT_COLOR_NAME = AccentColor;
				CODE_SIGN_STYLE = Automatic;
				CURRENT_PROJECT_VERSION = 2;
				DEVELOPMENT_TEAM = M23FFWRBMY;
				ENABLE_PREVIEWS = YES;
				GENERATE_INFOPLIST_FILE = YES;
				INFOPLIST_KEY_UIApplicationSceneManifest_Generation = YES;
				INFOPLIST_KEY_UIApplicationSupportsIndirectInputEvents = YES;
				INFOPLIST_KEY_UILaunchScreen_Generation = YES;
				INFOPLIST_KEY_UISupportedInterfaceOrientations_iPad = "UIInterfaceOrientationPortrait UIInterfaceOrientationPortraitUpsideDown UIInterfaceOrientationLandscapeLeft UIInterfaceOrientationLandscapeRight";
				INFOPLIST_KEY_UISupportedInterfaceOrientations_iPhone = "UIInterfaceOrientationPortrait UIInterfaceOrientationLandscapeLeft UIInterfaceOrientationLandscapeRight";
				LD_RUNPATH_SEARCH_PATHS = (
					"$(inherited)",
					"@executable_path/Frameworks",
				);
				MARKETING_VERSION = 1.1;
				PRODUCT_BUNDLE_IDENTIFIER = "vkehfdl1.ios-moaki";
				PRODUCT_NAME = "$(TARGET_NAME)";
				STRING_CATALOG_GENERATE_SYMBOLS = YES;
				SWIFT_APPROACHABLE_CONCURRENCY = YES;
				SWIFT_DEFAULT_ACTOR_ISOLATION = MainActor;
				SWIFT_EMIT_LOC_STRINGS = YES;
				SWIFT_UPCOMING_FEATURE_MEMBER_IMPORT_VISIBILITY = YES;
				SWIFT_VERSION = 5.0;
				TARGETED_DEVICE_FAMILY = "1,2";
			};
			name = Debug;
		};
		00A43D092F2A2F8E005FF0AB /* Release */ = {
			isa = XCBuildConfiguration;
			buildSettings = {
				ASSETCATALOG_COMPILER_APPICON_NAME = AppIcon;
				ASSETCATALOG_COMPILER_GLOBAL_ACCENT_COLOR_NAME = AccentColor;
				CODE_SIGN_STYLE = Automatic;
				CURRENT_PROJECT_VERSION = 2;
				DEVELOPMENT_TEAM = M23FFWRBMY;
				ENABLE_PREVIEWS = YES;
				GENERATE_INFOPLIST_FILE = YES;
				INFOPLIST_KEY_UIApplicationSceneManifest_Generation = YES;
				INFOPLIST_KEY_UIApplicationSupportsIndirectInputEvents = YES;
				INFOPLIST_KEY_UILaunchScreen_Generation = YES;
				INFOPLIST_KEY_UISupportedInterfaceOrientations_iPad = "UIInterfaceOrientationPortrait UIInterfaceOrientationPortraitUpsideDown UIInterfaceOrientationLandscapeLeft UIInterfaceOrientationLandscapeRight";
				INFOPLIST_KEY_UISupportedInterfaceOrientations_iPhone = "UIInterfaceOrientationPortrait UIInterfaceOrientationLandscapeLeft UIInterfaceOrientationLandscapeRight";
				LD_RUNPATH_SEARCH_PATHS = (
					"$(inherited)",
					"@executable_path/Frameworks",
				);
				MARKETING_VERSION = 1.1;
				PRODUCT_BUNDLE_IDENTIFIER = "vkehfdl1.ios-moaki";
				PRODUCT_NAME = "$(TARGET_NAME)";
				STRING_CATALOG_GENERATE_SYMBOLS = YES;
				SWIFT_APPROACHABLE_CONCURRENCY = YES;
				SWIFT_DEFAULT_ACTOR_ISOLATION = MainActor;
				SWIFT_EMIT_LOC_STRINGS = YES;
				SWIFT_UPCOMING_FEATURE_MEMBER_IMPORT_VISIBILITY = YES;
				SWIFT_VERSION = 5.0;
				TARGETED_DEVICE_FAMILY = "1,2";
			};
			name = Release;
		};
		00A43D0B2F2A2F8E005FF0AB /* Debug */ = {
			isa = XCBuildConfiguration;
			buildSettings = {
				BUNDLE_LOADER = "$(TEST_HOST)";
				CODE_SIGN_STYLE = Automatic;
				CURRENT_PROJECT_VERSION = 1;
				DEVELOPMENT_TEAM = M23FFWRBMY;
				GENERATE_INFOPLIST_FILE = YES;
				IPHONEOS_DEPLOYMENT_TARGET = 26.2;
				MARKETING_VERSION = 1.0;
				PRODUCT_BUNDLE_IDENTIFIER = "vkehfdl1.ios-moakiTests";
				PRODUCT_NAME = "$(TARGET_NAME)";
				STRING_CATALOG_GENERATE_SYMBOLS = NO;
				SWIFT_APPROACHABLE_CONCURRENCY = YES;
				SWIFT_EMIT_LOC_STRINGS = NO;
				SWIFT_UPCOMING_FEATURE_MEMBER_IMPORT_VISIBILITY = YES;
				SWIFT_VERSION = 5.0;
				TARGETED_DEVICE_FAMILY = "1,2";
				TEST_HOST = "$(BUILT_PRODUCTS_DIR)/ios-moaki.app/$(BUNDLE_EXECUTABLE_FOLDER_PATH)/ios-moaki";
			};
			name = Debug;
		};
		00A43D0C2F2A2F8E005FF0AB /* Release */ = {
			isa = XCBuildConfiguration;
			buildSettings = {
				BUNDLE_LOADER = "$(TEST_HOST)";
				CODE_SIGN_STYLE = Automatic;
				CURRENT_PROJECT_VERSION = 1;
				DEVELOPMENT_TEAM = M23FFWRBMY;
				GENERATE_INFOPLIST_FILE = YES;
				IPHONEOS_DEPLOYMENT_TARGET = 26.2;
				MARKETING_VERSION = 1.0;
				PRODUCT_BUNDLE_IDENTIFIER = "vkehfdl1.ios-moakiTests";
				PRODUCT_NAME = "$(TARGET_NAME)";
				STRING_CATALOG_GENERATE_SYMBOLS = NO;
				SWIFT_APPROACHABLE_CONCURRENCY = YES;
				SWIFT_EMIT_LOC_STRINGS = NO;
				SWIFT_UPCOMING_FEATURE_MEMBER_IMPORT_VISIBILITY = YES;
				SWIFT_VERSION = 5.0;
				TARGETED_DEVICE_FAMILY = "1,2";
				TEST_HOST = "$(BUILT_PRODUCTS_DIR)/ios-moaki.app/$(BUNDLE_EXECUTABLE_FOLDER_PATH)/ios-moaki";
			};
			name = Release;
		};
		00A43D0E2F2A2F8E005FF0AB /* Debug */ = {
			isa = XCBuildConfiguration;
			buildSettings = {
				CODE_SIGN_STYLE = Automatic;
				CURRENT_PROJECT_VERSION = 1;
				DEVELOPMENT_TEAM = M23FFWRBMY;
				GENERATE_INFOPLIST_FILE = YES;
				MARKETING_VERSION = 1.0;
				PRODUCT_BUNDLE_IDENTIFIER = "vkehfdl1.ios-moakiUITests";
				PRODUCT_NAME = "$(TARGET_NAME)";
				STRING_CATALOG_GENERATE_SYMBOLS = NO;
				SWIFT_APPROACHABLE_CONCURRENCY = YES;
				SWIFT_EMIT_LOC_STRINGS = NO;
				SWIFT_UPCOMING_FEATURE_MEMBER_IMPORT_VISIBILITY = YES;
				SWIFT_VERSION = 5.0;
				TARGETED_DEVICE_FAMILY = "1,2";
				TEST_TARGET_NAME = "ios-moaki";
			};
			name = Debug;
		};
		00A43D0F2F2A2F8E005FF0AB /* Release */ = {
			isa = XCBuildConfiguration;
			buildSettings = {
				CODE_SIGN_STYLE = Automatic;
				CURRENT_PROJECT_VERSION = 1;
				DEVELOPMENT_TEAM = M23FFWRBMY;
				GENERATE_INFOPLIST_FILE = YES;
				MARKETING_VERSION = 1.0;
				PRODUCT_BUNDLE_IDENTIFIER = "vkehfdl1.ios-moakiUITests";
				PRODUCT_NAME = "$(TARGET_NAME)";
				STRING_CATALOG_GENERATE_SYMBOLS = NO;
				SWIFT_APPROACHABLE_CONCURRENCY = YES;
				SWIFT_EMIT_LOC_STRINGS = NO;
				SWIFT_UPCOMING_FEATURE_MEMBER_IMPORT_VISIBILITY = YES;
				SWIFT_VERSION = 5.0;
				TARGETED_DEVICE_FAMILY = "1,2";
				TEST_TARGET_NAME = "ios-moaki";
			};
			name = Release;
		};
		00A43D1E2F2A349E005FF0AB /* Debug */ = {
			isa = XCBuildConfiguration;
			buildSettings = {
				CODE_SIGN_STYLE = Automatic;
				CURRENT_PROJECT_VERSION = 2;
				DEVELOPMENT_TEAM = M23FFWRBMY;
				GENERATE_INFOPLIST_FILE = YES;
				INFOPLIST_FILE = MoakiKeyboard/Info.plist;
				INFOPLIST_KEY_CFBundleDisplayName = MoakiKeyboard;
				INFOPLIST_KEY_NSHumanReadableCopyright = "";
				LD_RUNPATH_SEARCH_PATHS = (
					"$(inherited)",
					"@executable_path/Frameworks",
					"@executable_path/../../Frameworks",
				);
				MARKETING_VERSION = 1.1;
				PRODUCT_BUNDLE_IDENTIFIER = "vkehfdl1.ios-moaki.MoakiKeyboard";
				PRODUCT_NAME = "$(TARGET_NAME)";
				SKIP_INSTALL = YES;
				STRING_CATALOG_GENERATE_SYMBOLS = YES;
				SWIFT_APPROACHABLE_CONCURRENCY = YES;
				SWIFT_EMIT_LOC_STRINGS = YES;
				SWIFT_UPCOMING_FEATURE_MEMBER_IMPORT_VISIBILITY = YES;
				SWIFT_VERSION = 5.0;
				TARGETED_DEVICE_FAMILY = "1,2";
			};
			name = Debug;
		};
		00A43D1F2F2A349E005FF0AB /* Release */ = {
			isa = XCBuildConfiguration;
			buildSettings = {
				CODE_SIGN_STYLE = Automatic;
				CURRENT_PROJECT_VERSION = 2;
				DEVELOPMENT_TEAM = M23FFWRBMY;
				GENERATE_INFOPLIST_FILE = YES;
				INFOPLIST_FILE = MoakiKeyboard/Info.plist;
				INFOPLIST_KEY_CFBundleDisplayName = MoakiKeyboard;
				INFOPLIST_KEY_NSHumanReadableCopyright = "";
				LD_RUNPATH_SEARCH_PATHS = (
					"$(inherited)",
					"@executable_path/Frameworks",
					"@executable_path/../../Frameworks",
				);
				MARKETING_VERSION = 1.1;
				PRODUCT_BUNDLE_IDENTIFIER = "vkehfdl1.ios-moaki.MoakiKeyboard";
				PRODUCT_NAME = "$(TARGET_NAME)";
				SKIP_INSTALL = YES;
				STRING_CATALOG_GENERATE_SYMBOLS = YES;
				SWIFT_APPROACHABLE_CONCURRENCY = YES;
				SWIFT_EMIT_LOC_STRINGS = YES;
				SWIFT_UPCOMING_FEATURE_MEMBER_IMPORT_VISIBILITY = YES;
				SWIFT_VERSION = 5.0;
				TARGETED_DEVICE_FAMILY = "1,2";
			};
			name = Release;
		};
/* End XCBuildConfiguration section */

/* Begin XCConfigurationList section */
		00A43CDF2F2A2F8C005FF0AB /* Build configuration list for PBXProject "ios-moaki" */ = {
			isa = XCConfigurationList;
			buildConfigurations = (
				00A43D052F2A2F8E005FF0AB /* Debug */,
				00A43D062F2A2F8E005FF0AB /* Release */,
			);
			defaultConfigurationIsVisible = 0;
			defaultConfigurationName = Release;
		};
		00A43D072F2A2F8E005FF0AB /* Build configuration list for PBXNativeTarget "ios-moaki" */ = {
			isa = XCConfigurationList;
			buildConfigurations = (
				00A43D082F2A2F8E005FF0AB /* Debug */,
				00A43D092F2A2F8E005FF0AB /* Release */,
			);
			defaultConfigurationIsVisible = 0;
			defaultConfigurationName = Release;
		};
		00A43D0A2F2A2F8E005FF0AB /* Build configuration list for PBXNativeTarget "ios-moakiTests" */ = {
			isa = XCConfigurationList;
			buildConfigurations = (
				00A43D0B2F2A2F8E005FF0AB /* Debug */,
				00A43D0C2F2A2F8E005FF0AB /* Release */,
			);
			defaultConfigurationIsVisible = 0;
			defaultConfigurationName = Release;
		};
		00A43D0D2F2A2F8E005FF0AB /* Build configuration list for PBXNativeTarget "ios-moakiUITests" */ = {
			isa = XCConfigurationList;
			buildConfigurations = (
				00A43D0E2F2A2F8E005FF0AB /* Debug */,
				00A43D0F2F2A2F8E005FF0AB /* Release */,
			);
			defaultConfigurationIsVisible = 0;
			defaultConfigurationName = Release;
		};
		00A43D1D2F2A349E005FF0AB /* Build configuration list for PBXNativeTarget "MoakiKeyboard" */ = {
			isa = XCConfigurationList;
			buildConfigurations = (
				00A43D1E2F2A349E005FF0AB /* Debug */,
				00A43D1F2F2A349E005FF0AB /* Release */,
			);
			defaultConfigurationIsVisible = 0;
			defaultConfigurationName = Release;
		};
/* End XCConfigurationList section */
	};
	rootObject = 00A43CDC2F2A2F8C005FF0AB /* Project object */;
}
